
Microsoft Visual Studio Solution File, Format Version 12.00
# Visual Studio Version 17
VisualStudioVersion = 17.1.32210.238
MinimumVisualStudioVersion = 10.0.40219.1
Project("{FAE04EC0-301F-11D3-BF4B-00C04F79EFBC}") = "modul7_1302204038", "modul7_1302204038\modul7_1302204038.csproj", "{5AE7B8B4-AECD-4365-987C-1B1529353F5B}"
EndProject
Global
	GlobalSection(SolutionConfigurationPlatforms) = preSolution
		Debug|Any CPU = Debug|Any CPU
		Release|Any CPU = Release|Any CPU
	EndGlobalSection
	GlobalSection(ProjectConfigurationPlatforms) = postSolution
		{5AE7B8B4-AECD-4365-987C-1B1529353F5B}.Debug|Any CPU.ActiveCfg = Debug|Any CPU
		{5AE7B8B4-AECD-4365-987C-1B1529353F5B}.Debug|Any CPU.Build.0 = Debug|Any CPU
		{5AE7B8B4-AECD-4365-987C-1B1529353F5B}.Release|Any CPU.ActiveCfg = Release|Any CPU
		{5AE7B8B4-AECD-4365-987C-1B1529353F5B}.Release|Any CPU.Build.0 = Release|Any CPU
	EndGlobalSection
	GlobalSection(SolutionProperties) = preSolution
		HideSolutionNode = FALSE
	EndGlobalSection
	GlobalSection(ExtensibilityGlobals) = postSolution
		SolutionGuid = {4E86D6CF-E43D-4016-A7B7-241D828C0E50}
	EndGlobalSection
EndGlobal
